
Microsoft Visual Studio Solution File, Format Version 12.00
# Visual Studio Version 17
VisualStudioVersion = 17.10.35122.118
MinimumVisualStudioVersion = 10.0.40219.1
Project("{9A19103F-16F7-4668-BE54-9A1E7A4F7556}") = "TestePortalIdsf", "TestePortalIdsf.csproj", "{76531AB4-F706-44FF-892F-B76CCF80AAE0}"
EndProject
Global
	GlobalSection(SolutionProperties) = preSolution
		HideSolutionNode = FALSE
	EndGlobalSection
	GlobalSection(ExtensibilityGlobals) = postSolution
		SolutionGuid = {28882C87-FD01-45E6-83F2-942F8FCE6BCE}
	EndGlobalSection
EndGlobal
